# This file was autogenerated by Stack.
# You should not edit this file by hand.
# For more information, please see the documentation at:
#   https://docs.haskellstack.org/en/stable/lock_files

packages: []
snapshots:
- completed:
    size: 374795
    url: https://raw.githubusercontent.com/commercialhaskell/stackage-snapshots/master/lts/5/15.yaml
    sha256: d739f715fbafe8193a0fa5094172b3fd7e897ac1f21f7926772ca921c7453bd5
  original: lts-5.15
